{
  "version": "1",
  "sources": {
    "nixpkgs": {
      "type": "GitHub",
      "fetchType": "tarball",
      "owner": "NixOS",
      "repo": "nixpkgs",
      "branch": "nixpkgs-unstable",
      "revision": "419fe0f449b3fbe3bdd53d9840288db4509ec32e",
      "url": "https://github.com/NixOS/nixpkgs/archive/419fe0f449b3fbe3bdd53d9840288db4509ec32e.tar.gz",
      "hash": "sha256-Avcz96Q+8OkfUIUXipBBVsQn19L622BtKP7mk6M+uls="
    }
  }
}
