{
  "version": "1",
  "sources": {
    "nixpkgs": {
      "type": "GitHub",
      "fetchType": "tarball",
      "owner": "NixOS",
      "repo": "nixpkgs",
      "branch": "nixpkgs-unstable",
      "revision": "79b35bf0bda5cd110f856aa5b5b2c5ba4460dbf5",
      "url": "https://github.com/NixOS/nixpkgs/archive/79b35bf0bda5cd110f856aa5b5b2c5ba4460dbf5.tar.gz",
      "hash": "sha256-COQmpo4lFIzMgUjr3ntDpjH0NwrCnf7N0uhR+6WPGP8="
    }
  }
}
